
Microsoft Visual Studio Solution File, Format Version 12.00
# Visual Studio 15
VisualStudioVersion = 15.0.28307.1082
MinimumVisualStudioVersion = 10.0.40219.1
Project("{8BC9CEB8-8B4A-11D0-8D11-00A0C91BC942}") = "Jacobi_openMP", "Jacobi_openMP\Jacobi_openMP.vcxproj", "{6C00A7E9-0ABD-41FA-8523-7791554F7C06}"
EndProject
Global
	GlobalSection(SolutionConfigurationPlatforms) = preSolution
		Debug|x64 = Debug|x64
		Debug|x86 = Debug|x86
		Release|x64 = Release|x64
		Release|x86 = Release|x86
	EndGlobalSection
	GlobalSection(ProjectConfigurationPlatforms) = postSolution
		{6C00A7E9-0ABD-41FA-8523-7791554F7C06}.Debug|x64.ActiveCfg = Debug|x64
		{6C00A7E9-0ABD-41FA-8523-7791554F7C06}.Debug|x64.Build.0 = Debug|x64
		{6C00A7E9-0ABD-41FA-8523-7791554F7C06}.Debug|x86.ActiveCfg = Debug|Win32
		{6C00A7E9-0ABD-41FA-8523-7791554F7C06}.Debug|x86.Build.0 = Debug|Win32
		{6C00A7E9-0ABD-41FA-8523-7791554F7C06}.Release|x64.ActiveCfg = Release|x64
		{6C00A7E9-0ABD-41FA-8523-7791554F7C06}.Release|x64.Build.0 = Release|x64
		{6C00A7E9-0ABD-41FA-8523-7791554F7C06}.Release|x86.ActiveCfg = Release|Win32
		{6C00A7E9-0ABD-41FA-8523-7791554F7C06}.Release|x86.Build.0 = Release|Win32
	EndGlobalSection
	GlobalSection(SolutionProperties) = preSolution
		HideSolutionNode = FALSE
	EndGlobalSection
	GlobalSection(ExtensibilityGlobals) = postSolution
		SolutionGuid = {8B8FE99A-14E7-4391-9B62-234C9BA142EC}
	EndGlobalSection
EndGlobal
